
Microsoft Visual Studio Solution File, Format Version 12.00
# Visual Studio Version 16
VisualStudioVersion = 16.0.810.6
MinimumVisualStudioVersion = 10.0.40219.1
Project("{FAE04EC0-301F-11D3-BF4B-00C04F79EFBC}") = "WaveTableCrafter", "WaveTableCrafter.csproj", "{A709498B-CF83-468D-8348-0509472490FD}"
EndProject
Global
	GlobalSection(SolutionConfigurationPlatforms) = preSolution
		Debug|Any CPU = Debug|Any CPU
		Release|Any CPU = Release|Any CPU
	EndGlobalSection
	GlobalSection(ProjectConfigurationPlatforms) = postSolution
		{A709498B-CF83-468D-8348-0509472490FD}.Debug|Any CPU.ActiveCfg = Debug|Any CPU
		{A709498B-CF83-468D-8348-0509472490FD}.Debug|Any CPU.Build.0 = Debug|Any CPU
		{A709498B-CF83-468D-8348-0509472490FD}.Release|Any CPU.ActiveCfg = Release|Any CPU
		{A709498B-CF83-468D-8348-0509472490FD}.Release|Any CPU.Build.0 = Release|Any CPU
	EndGlobalSection
	GlobalSection(SolutionProperties) = preSolution
		HideSolutionNode = FALSE
	EndGlobalSection
	GlobalSection(ExtensibilityGlobals) = postSolution
		SolutionGuid = {87CB516A-46BF-4081-857E-AD1D29B08ACE}
	EndGlobalSection
EndGlobal
